
Microsoft Visual Studio Solution File, Format Version 12.00
# Visual Studio Version 17
VisualStudioVersion = 17.5.33516.290
MinimumVisualStudioVersion = 10.0.40219.1
Project("{9A19103F-16F7-4668-BE54-9A1E7A4F7556}") = "AWS.S3.Core", "AWS.S3.Core\AWS.S3.Core.csproj", "{5254C7DE-ACB0-4215-87E0-1C9F1762E2C6}"
EndProject
Project("{9A19103F-16F7-4668-BE54-9A1E7A4F7556}") = "AWS.SQS.Core", "AWS.SQS.Core\AWS.SQS.Core.csproj", "{ED7DD320-5087-4597-9CAE-CF34BC844C2F}"
EndProject
Project("{9A19103F-16F7-4668-BE54-9A1E7A4F7556}") = "AWS.SecretsManager.Core", "AWS.SecretsManager.Core\AWS.SecretsManager.Core.csproj", "{77813F92-0656-4A44-846B-64C915AE0F66}"
EndProject
Global
	GlobalSection(SolutionConfigurationPlatforms) = preSolution
		Debug|Any CPU = Debug|Any CPU
		Release|Any CPU = Release|Any CPU
	EndGlobalSection
	GlobalSection(ProjectConfigurationPlatforms) = postSolution
		{5254C7DE-ACB0-4215-87E0-1C9F1762E2C6}.Debug|Any CPU.ActiveCfg = Debug|Any CPU
		{5254C7DE-ACB0-4215-87E0-1C9F1762E2C6}.Debug|Any CPU.Build.0 = Debug|Any CPU
		{5254C7DE-ACB0-4215-87E0-1C9F1762E2C6}.Release|Any CPU.ActiveCfg = Release|Any CPU
		{5254C7DE-ACB0-4215-87E0-1C9F1762E2C6}.Release|Any CPU.Build.0 = Release|Any CPU
		{ED7DD320-5087-4597-9CAE-CF34BC844C2F}.Debug|Any CPU.ActiveCfg = Debug|Any CPU
		{ED7DD320-5087-4597-9CAE-CF34BC844C2F}.Debug|Any CPU.Build.0 = Debug|Any CPU
		{ED7DD320-5087-4597-9CAE-CF34BC844C2F}.Release|Any CPU.ActiveCfg = Release|Any CPU
		{ED7DD320-5087-4597-9CAE-CF34BC844C2F}.Release|Any CPU.Build.0 = Release|Any CPU
		{77813F92-0656-4A44-846B-64C915AE0F66}.Debug|Any CPU.ActiveCfg = Debug|Any CPU
		{77813F92-0656-4A44-846B-64C915AE0F66}.Debug|Any CPU.Build.0 = Debug|Any CPU
		{77813F92-0656-4A44-846B-64C915AE0F66}.Release|Any CPU.ActiveCfg = Release|Any CPU
		{77813F92-0656-4A44-846B-64C915AE0F66}.Release|Any CPU.Build.0 = Release|Any CPU
	EndGlobalSection
	GlobalSection(SolutionProperties) = preSolution
		HideSolutionNode = FALSE
	EndGlobalSection
	GlobalSection(ExtensibilityGlobals) = postSolution
		SolutionGuid = {5F1C52DB-077F-4F11-8C89-017580AE761F}
	EndGlobalSection
EndGlobal
